
Microsoft Visual Studio Solution File, Format Version 12.00
# Visual Studio Version 16
VisualStudioVersion = 16.0.31515.178
MinimumVisualStudioVersion = 10.0.40219.1
Project("{FAE04EC0-301F-11D3-BF4B-00C04F79EFBC}") = "Inventory", "Inventory.csproj", "{F921C997-C6FE-47A1-A659-E96E6013BB34}"
EndProject
Global
	GlobalSection(SolutionConfigurationPlatforms) = preSolution
		Debug|Any CPU = Debug|Any CPU
		Release|Any CPU = Release|Any CPU
	EndGlobalSection
	GlobalSection(ProjectConfigurationPlatforms) = postSolution
		{F921C997-C6FE-47A1-A659-E96E6013BB34}.Debug|Any CPU.ActiveCfg = Debug|Any CPU
		{F921C997-C6FE-47A1-A659-E96E6013BB34}.Debug|Any CPU.Build.0 = Debug|Any CPU
		{F921C997-C6FE-47A1-A659-E96E6013BB34}.Release|Any CPU.ActiveCfg = Release|Any CPU
		{F921C997-C6FE-47A1-A659-E96E6013BB34}.Release|Any CPU.Build.0 = Release|Any CPU
	EndGlobalSection
	GlobalSection(SolutionProperties) = preSolution
		HideSolutionNode = FALSE
	EndGlobalSection
	GlobalSection(ExtensibilityGlobals) = postSolution
		SolutionGuid = {B75478AA-1032-42AD-A147-4490300FFE54}
	EndGlobalSection
EndGlobal
